// !$*UTF8*$!
{
	archiveVersion = 1;
	classes = {
	};
	objectVersion = 55;
	objects = {

/* Begin PBXBuildFile section */
		3562733A2887F66900F56C1E /* SettingView.swift in Sources */ = {isa = PBXBuildFile; fileRef = 356273392887F66900F56C1E /* SettingView.swift */; };
		356678FA28578DEC004B4E7C /* AppDelegate.swift in Sources */ = {isa = PBXBuildFile; fileRef = 356678F928578DEC004B4E7C /* AppDelegate.swift */; };
		356678FE28578DEC004B4E7C /* ViewController.swift in Sources */ = {isa = PBXBuildFile; fileRef = 356678FD28578DEC004B4E7C /* ViewController.swift */; };
		3566790128578DEC004B4E7C /* Main.storyboard in Resources */ = {isa = PBXBuildFile; fileRef = 356678FF28578DEC004B4E7C /* Main.storyboard */; };
		3566790328578DEF004B4E7C /* Assets.xcassets in Resources */ = {isa = PBXBuildFile; fileRef = 3566790228578DEF004B4E7C /* Assets.xcassets */; };
		3566790628578DEF004B4E7C /* LaunchScreen.storyboard in Resources */ = {isa = PBXBuildFile; fileRef = 3566790428578DEF004B4E7C /* LaunchScreen.storyboard */; };
		3566790E28579C72004B4E7C /* SettingsOptions.swift in Sources */ = {isa = PBXBuildFile; fileRef = 3566790D28579C72004B4E7C /* SettingsOptions.swift */; };
		356679102857A14D004B4E7C /* SettingTableViewCell.swift in Sources */ = {isa = PBXBuildFile; fileRef = 3566790F2857A14D004B4E7C /* SettingTableViewCell.swift */; };
		3592D03B2885BE8E00A0391D /* Models.swift in Sources */ = {isa = PBXBuildFile; fileRef = 3592D03A2885BE8E00A0391D /* Models.swift */; };
		35D24BDF285B9F6E00153278 /* SwitchTableViewCells.swift in Sources */ = {isa = PBXBuildFile; fileRef = 35D24BDE285B9F6E00153278 /* SwitchTableViewCells.swift */; };
/* End PBXBuildFile section */

/* Begin PBXFileReference section */
		356273392887F66900F56C1E /* SettingView.swift */ = {isa = PBXFileReference; lastKnownFileType = sourcecode.swift; path = SettingView.swift; sourceTree = "<group>"; };
		356678F628578DEB004B4E7C /* work with tableview.app */ = {isa = PBXFileReference; explicitFileType = wrapper.application; includeInIndex = 0; path = "work with tableview.app"; sourceTree = BUILT_PRODUCTS_DIR; };
		356678F928578DEC004B4E7C /* AppDelegate.swift */ = {isa = PBXFileReference; lastKnownFileType = sourcecode.swift; path = AppDelegate.swift; sourceTree = "<group>"; };
		356678FD28578DEC004B4E7C /* ViewController.swift */ = {isa = PBXFileReference; lastKnownFileType = sourcecode.swift; path = ViewController.swift; sourceTree = "<group>"; };
		3566790028578DEC004B4E7C /* Base */ = {isa = PBXFileReference; lastKnownFileType = file.storyboard; name = Base; path = Base.lproj/Main.storyboard; sourceTree = "<group>"; };
		3566790228578DEF004B4E7C /* Assets.xcassets */ = {isa = PBXFileReference; lastKnownFileType = folder.assetcatalog; path = Assets.xcassets; sourceTree = "<group>"; };
		3566790528578DEF004B4E7C /* Base */ = {isa = PBXFileReference; lastKnownFileType = file.storyboard; name = Base; path = Base.lproj/LaunchScreen.storyboard; sourceTree = "<group>"; };
		3566790728578DEF004B4E7C /* Info.plist */ = {isa = PBXFileReference; lastKnownFileType = text.plist.xml; path = Info.plist; sourceTree = "<group>"; };
		3566790D28579C72004B4E7C /* SettingsOptions.swift */ = {isa = PBXFileReference; lastKnownFileType = sourcecode.swift; path = SettingsOptions.swift; sourceTree = "<group>"; };
		3566790F2857A14D004B4E7C /* SettingTableViewCell.swift */ = {isa = PBXFileReference; lastKnownFileType = sourcecode.swift; path = SettingTableViewCell.swift; sourceTree = "<group>"; };
		3592D03A2885BE8E00A0391D /* Models.swift */ = {isa = PBXFileReference; lastKnownFileType = sourcecode.swift; path = Models.swift; sourceTree = "<group>"; };
		35D24BDE285B9F6E00153278 /* SwitchTableViewCells.swift */ = {isa = PBXFileReference; lastKnownFileType = sourcecode.swift; path = SwitchTableViewCells.swift; sourceTree = "<group>"; };
/* End PBXFileReference section */

/* Begin PBXFrameworksBuildPhase section */
		356678F328578DEB004B4E7C /* Frameworks */ = {
			isa = PBXFrameworksBuildPhase;
			buildActionMask = 2147483647;
			files = (
			);
			runOnlyForDeploymentPostprocessing = 0;
		};
/* End PBXFrameworksBuildPhase section */

/* Begin PBXGroup section */
		356678ED28578DEB004B4E7C = {
			isa = PBXGroup;
			children = (
				356678F828578DEC004B4E7C /* work with tableview */,
				356678F728578DEC004B4E7C /* Products */,
			);
			sourceTree = "<group>";
		};
		356678F728578DEC004B4E7C /* Products */ = {
			isa = PBXGroup;
			children = (
				356678F628578DEB004B4E7C /* work with tableview.app */,
			);
			name = Products;
			sourceTree = "<group>";
		};
		356678F828578DEC004B4E7C /* work with tableview */ = {
			isa = PBXGroup;
			children = (
				3592D03E2885C8E700A0391D /* Sources */,
				3592D03D2885C8DA00A0391D /* Resources */,
			);
			path = "work with tableview";
			sourceTree = "<group>";
		};
		3592D0392885BB5900A0391D /* Model */ = {
			isa = PBXGroup;
			children = (
				3566790D28579C72004B4E7C /* SettingsOptions.swift */,
				3592D03A2885BE8E00A0391D /* Models.swift */,
			);
			path = Model;
			sourceTree = "<group>";
		};
		3592D03C2885C37A00A0391D /* View */ = {
			isa = PBXGroup;
			children = (
				3566790F2857A14D004B4E7C /* SettingTableViewCell.swift */,
				35D24BDE285B9F6E00153278 /* SwitchTableViewCells.swift */,
				356273392887F66900F56C1E /* SettingView.swift */,
			);
			path = View;
			sourceTree = "<group>";
		};
		3592D03D2885C8DA00A0391D /* Resources */ = {
			isa = PBXGroup;
			children = (
				356678FF28578DEC004B4E7C /* Main.storyboard */,
				3566790228578DEF004B4E7C /* Assets.xcassets */,
				3566790428578DEF004B4E7C /* LaunchScreen.storyboard */,
				3566790728578DEF004B4E7C /* Info.plist */,
			);
			path = Resources;
			sourceTree = "<group>";
		};
		3592D03E2885C8E700A0391D /* Sources */ = {
			isa = PBXGroup;
			children = (
				3592D03F2885C90200A0391D /* App */,
				3592D0402885C91300A0391D /* Scenes */,
			);
			path = Sources;
			sourceTree = "<group>";
		};
		3592D03F2885C90200A0391D /* App */ = {
			isa = PBXGroup;
			children = (
				356678F928578DEC004B4E7C /* AppDelegate.swift */,
			);
			path = App;
			sourceTree = "<group>";
		};
		3592D0402885C91300A0391D /* Scenes */ = {
			isa = PBXGroup;
			children = (
				3592D0412885C97000A0391D /* Controller */,
				3592D03C2885C37A00A0391D /* View */,
				3592D0392885BB5900A0391D /* Model */,
			);
			path = Scenes;
			sourceTree = "<group>";
		};
		3592D0412885C97000A0391D /* Controller */ = {
			isa = PBXGroup;
			children = (
				356678FD28578DEC004B4E7C /* ViewController.swift */,
			);
			path = Controller;
			sourceTree = "<group>";
		};
/* End PBXGroup section */

/* Begin PBXNativeTarget section */
		356678F528578DEB004B4E7C /* work with tableview */ = {
			isa = PBXNativeTarget;
			buildConfigurationList = 3566790A28578DEF004B4E7C /* Build configuration list for PBXNativeTarget "work with tableview" */;
			buildPhases = (
				356678F228578DEB004B4E7C /* Sources */,
				356678F328578DEB004B4E7C /* Frameworks */,
				356678F428578DEB004B4E7C /* Resources */,
			);
			buildRules = (
			);
			dependencies = (
			);
			name = "work with tableview";
			productName = "work with tableview";
			productReference = 356678F628578DEB004B4E7C /* work with tableview.app */;
			productType = "com.apple.product-type.application";
		};
/* End PBXNativeTarget section */

/* Begin PBXProject section */
		356678EE28578DEB004B4E7C /* Project object */ = {
			isa = PBXProject;
			attributes = {
				BuildIndependentTargetsInParallel = 1;
				LastSwiftUpdateCheck = 1320;
				LastUpgradeCheck = 1320;
				TargetAttributes = {
					356678F528578DEB004B4E7C = {
						CreatedOnToolsVersion = 13.2.1;
					};
				};
			};
			buildConfigurationList = 356678F128578DEB004B4E7C /* Build configuration list for PBXProject "work with tableview" */;
			compatibilityVersion = "Xcode 13.0";
			developmentRegion = en;
			hasScannedForEncodings = 0;
			knownRegions = (
				en,
				Base,
			);
			mainGroup = 356678ED28578DEB004B4E7C;
			productRefGroup = 356678F728578DEC004B4E7C /* Products */;
			projectDirPath = "";
			projectRoot = "";
			targets = (
				356678F528578DEB004B4E7C /* work with tableview */,
			);
		};
/* End PBXProject section */

/* Begin PBXResourcesBuildPhase section */
		356678F428578DEB004B4E7C /* Resources */ = {
			isa = PBXResourcesBuildPhase;
			buildActionMask = 2147483647;
			files = (
				3566790628578DEF004B4E7C /* LaunchScreen.storyboard in Resources */,
				3566790328578DEF004B4E7C /* Assets.xcassets in Resources */,
				3566790128578DEC004B4E7C /* Main.storyboard in Resources */,
			);
			runOnlyForDeploymentPostprocessing = 0;
		};
/* End PBXResourcesBuildPhase section */

/* Begin PBXSourcesBuildPhase section */
		356678F228578DEB004B4E7C /* Sources */ = {
			isa = PBXSourcesBuildPhase;
			buildActionMask = 2147483647;
			files = (
				356678FE28578DEC004B4E7C /* ViewController.swift in Sources */,
				356678FA28578DEC004B4E7C /* AppDelegate.swift in Sources */,
				35D24BDF285B9F6E00153278 /* SwitchTableViewCells.swift in Sources */,
				3562733A2887F66900F56C1E /* SettingView.swift in Sources */,
				3592D03B2885BE8E00A0391D /* Models.swift in Sources */,
				356679102857A14D004B4E7C /* SettingTableViewCell.swift in Sources */,
				3566790E28579C72004B4E7C /* SettingsOptions.swift in Sources */,
			);
			runOnlyForDeploymentPostprocessing = 0;
		};
/* End PBXSourcesBuildPhase section */

/* Begin PBXVariantGroup section */
		356678FF28578DEC004B4E7C /* Main.storyboard */ = {
			isa = PBXVariantGroup;
			children = (
				3566790028578DEC004B4E7C /* Base */,
			);
			name = Main.storyboard;
			sourceTree = "<group>";
		};
		3566790428578DEF004B4E7C /* LaunchScreen.storyboard */ = {
			isa = PBXVariantGroup;
			children = (
				3566790528578DEF004B4E7C /* Base */,
			);
			name = LaunchScreen.storyboard;
			sourceTree = "<group>";
		};
/* End PBXVariantGroup section */

/* Begin XCBuildConfiguration section */
		3566790828578DEF004B4E7C /* Debug */ = {
			isa = XCBuildConfiguration;
			buildSettings = {
				ALWAYS_SEARCH_USER_PATHS = NO;
				CLANG_ANALYZER_NONNULL = YES;
				CLANG_ANALYZER_NUMBER_OBJECT_CONVERSION = YES_AGGRESSIVE;
				CLANG_CXX_LANGUAGE_STANDARD = "gnu++17";
				CLANG_CXX_LIBRARY = "libc++";
				CLANG_ENABLE_MODULES = YES;
				CLANG_ENABLE_OBJC_ARC = YES;
				CLANG_ENABLE_OBJC_WEAK = YES;
				CLANG_WARN_BLOCK_CAPTURE_AUTORELEASING = YES;
				CLANG_WARN_BOOL_CONVERSION = YES;
				CLANG_WARN_COMMA = YES;
				CLANG_WARN_CONSTANT_CONVERSION = YES;
				CLANG_WARN_DEPRECATED_OBJC_IMPLEMENTATIONS = YES;
				CLANG_WARN_DIRECT_OBJC_ISA_USAGE = YES_ERROR;
				CLANG_WARN_DOCUMENTATION_COMMENTS = YES;
				CLANG_WARN_EMPTY_BODY = YES;
				CLANG_WARN_ENUM_CONVERSION = YES;
				CLANG_WARN_INFINITE_RECURSION = YES;
				CLANG_WARN_INT_CONVERSION = YES;
				CLANG_WARN_NON_LITERAL_NULL_CONVERSION = YES;
				CLANG_WARN_OBJC_IMPLICIT_RETAIN_SELF = YES;
				CLANG_WARN_OBJC_LITERAL_CONVERSION = YES;
				CLANG_WARN_OBJC_ROOT_CLASS = YES_ERROR;
				CLANG_WARN_QUOTED_INCLUDE_IN_FRAMEWORK_HEADER = YES;
				CLANG_WARN_RANGE_LOOP_ANALYSIS = YES;
				CLANG_WARN_STRICT_PROTOTYPES = YES;
				CLANG_WARN_SUSPICIOUS_MOVE = YES;
				CLANG_WARN_UNGUARDED_AVAILABILITY = YES_AGGRESSIVE;
				CLANG_WARN_UNREACHABLE_CODE = YES;
				CLANG_WARN__DUPLICATE_METHOD_MATCH = YES;
				COPY_PHASE_STRIP = NO;
				DEBUG_INFORMATION_FORMAT = dwarf;
				ENABLE_STRICT_OBJC_MSGSEND = YES;
				ENABLE_TESTABILITY = YES;
				GCC_C_LANGUAGE_STANDARD = gnu11;
				GCC_DYNAMIC_NO_PIC = NO;
				GCC_NO_COMMON_BLOCKS = YES;
				GCC_OPTIMIZATION_LEVEL = 0;
				GCC_PREPROCESSOR_DEFINITIONS = (
					"DEBUG=1",
					"$(inherited)",
				);
				GCC_WARN_64_TO_32_BIT_CONVERSION = YES;
				GCC_WARN_ABOUT_RETURN_TYPE = YES_ERROR;
				GCC_WARN_UNDECLARED_SELECTOR = YES;
				GCC_WARN_UNINITIALIZED_AUTOS = YES_AGGRESSIVE;
				GCC_WARN_UNUSED_FUNCTION = YES;
				GCC_WARN_UNUSED_VARIABLE = YES;
				IPHONEOS_DEPLOYMENT_TARGET = 15.2;
				MTL_ENABLE_DEBUG_INFO = INCLUDE_SOURCE;
				MTL_FAST_MATH = YES;
				ONLY_ACTIVE_ARCH = YES;
				SDKROOT = iphoneos;
				SWIFT_ACTIVE_COMPILATION_CONDITIONS = DEBUG;
				SWIFT_OPTIMIZATION_LEVEL = "-Onone";
			};
			name = Debug;
		};
		3566790928578DEF004B4E7C /* Release */ = {
			isa = XCBuildConfiguration;
			buildSettings = {
				ALWAYS_SEARCH_USER_PATHS = NO;
				CLANG_ANALYZER_NONNULL = YES;
				CLANG_ANALYZER_NUMBER_OBJECT_CONVERSION = YES_AGGRESSIVE;
				CLANG_CXX_LANGUAGE_STANDARD = "gnu++17";
				CLANG_CXX_LIBRARY = "libc++";
				CLANG_ENABLE_MODULES = YES;
				CLANG_ENABLE_OBJC_ARC = YES;
				CLANG_ENABLE_OBJC_WEAK = YES;
				CLANG_WARN_BLOCK_CAPTURE_AUTORELEASING = YES;
				CLANG_WARN_BOOL_CONVERSION = YES;
				CLANG_WARN_COMMA = YES;
				CLANG_WARN_CONSTANT_CONVERSION = YES;
				CLANG_WARN_DEPRECATED_OBJC_IMPLEMENTATIONS = YES;
				CLANG_WARN_DIRECT_OBJC_ISA_USAGE = YES_ERROR;
				CLANG_WARN_DOCUMENTATION_COMMENTS = YES;
				CLANG_WARN_EMPTY_BODY = YES;
				CLANG_WARN_ENUM_CONVERSION = YES;
				CLANG_WARN_INFINITE_RECURSION = YES;
				CLANG_WARN_INT_CONVERSION = YES;
				CLANG_WARN_NON_LITERAL_NULL_CONVERSION = YES;
				CLANG_WARN_OBJC_IMPLICIT_RETAIN_SELF = YES;
				CLANG_WARN_OBJC_LITERAL_CONVERSION = YES;
				CLANG_WARN_OBJC_ROOT_CLASS = YES_ERROR;
				CLANG_WARN_QUOTED_INCLUDE_IN_FRAMEWORK_HEADER = YES;
				CLANG_WARN_RANGE_LOOP_ANALYSIS = YES;
				CLANG_WARN_STRICT_PROTOTYPES = YES;
				CLANG_WARN_SUSPICIOUS_MOVE = YES;
				CLANG_WARN_UNGUARDED_AVAILABILITY = YES_AGGRESSIVE;
				CLANG_WARN_UNREACHABLE_CODE = YES;
				CLANG_WARN__DUPLICATE_METHOD_MATCH = YES;
				COPY_PHASE_STRIP = NO;
				DEBUG_INFORMATION_FORMAT = "dwarf-with-dsym";
				ENABLE_NS_ASSERTIONS = NO;
				ENABLE_STRICT_OBJC_MSGSEND = YES;
				GCC_C_LANGUAGE_STANDARD = gnu11;
				GCC_NO_COMMON_BLOCKS = YES;
				GCC_WARN_64_TO_32_BIT_CONVERSION = YES;
				GCC_WARN_ABOUT_RETURN_TYPE = YES_ERROR;
				GCC_WARN_UNDECLARED_SELECTOR = YES;
				GCC_WARN_UNINITIALIZED_AUTOS = YES_AGGRESSIVE;
				GCC_WARN_UNUSED_FUNCTION = YES;
				GCC_WARN_UNUSED_VARIABLE = YES;
				IPHONEOS_DEPLOYMENT_TARGET = 15.2;
				MTL_ENABLE_DEBUG_INFO = NO;
				MTL_FAST_MATH = YES;
				SDKROOT = iphoneos;
				SWIFT_COMPILATION_MODE = wholemodule;
				SWIFT_OPTIMIZATION_LEVEL = "-O";
				VALIDATE_PRODUCT = YES;
			};
			name = Release;
		};
		3566790B28578DEF004B4E7C /* Debug */ = {
			isa = XCBuildConfiguration;
			buildSettings = {
				ASSETCATALOG_COMPILER_APPICON_NAME = AppIcon;
				ASSETCATALOG_COMPILER_GLOBAL_ACCENT_COLOR_NAME = AccentColor;
				CODE_SIGN_STYLE = Automatic;
				CURRENT_PROJECT_VERSION = 1;
				DEVELOPMENT_TEAM = CQP8YYBTMF;
				GENERATE_INFOPLIST_FILE = YES;
				INFOPLIST_FILE = "work with tableview/Info.plist";
				INFOPLIST_KEY_UIApplicationSupportsIndirectInputEvents = YES;
				INFOPLIST_KEY_UILaunchStoryboardName = LaunchScreen;
				INFOPLIST_KEY_UIMainStoryboardFile = Main;
				INFOPLIST_KEY_UISupportedInterfaceOrientations_iPad = "UIInterfaceOrientationPortrait UIInterfaceOrientationPortraitUpsideDown UIInterfaceOrientationLandscapeLeft UIInterfaceOrientationLandscapeRight";
				INFOPLIST_KEY_UISupportedInterfaceOrientations_iPhone = "UIInterfaceOrientationPortrait UIInterfaceOrientationLandscapeLeft UIInterfaceOrientationLandscapeRight";
				LD_RUNPATH_SEARCH_PATHS = (
					"$(inherited)",
					"@executable_path/Frameworks",
				);
				MARKETING_VERSION = 1.0;
				PRODUCT_BUNDLE_IDENTIFIER = "ru.hms-kkm.work-with-tableview";
				PRODUCT_NAME = "$(TARGET_NAME)";
				SWIFT_EMIT_LOC_STRINGS = YES;
				SWIFT_VERSION = 5.0;
				TARGETED_DEVICE_FAMILY = "1,2";
			};
			name = Debug;
		};
		3566790C28578DEF004B4E7C /* Release */ = {
			isa = XCBuildConfiguration;
			buildSettings = {
				ASSETCATALOG_COMPILER_APPICON_NAME = AppIcon;
				ASSETCATALOG_COMPILER_GLOBAL_ACCENT_COLOR_NAME = AccentColor;
				CODE_SIGN_STYLE = Automatic;
				CURRENT_PROJECT_VERSION = 1;
				DEVELOPMENT_TEAM = CQP8YYBTMF;
				GENERATE_INFOPLIST_FILE = YES;
				INFOPLIST_FILE = "work with tableview/Info.plist";
				INFOPLIST_KEY_UIApplicationSupportsIndirectInputEvents = YES;
				INFOPLIST_KEY_UILaunchStoryboardName = LaunchScreen;
				INFOPLIST_KEY_UIMainStoryboardFile = Main;
				INFOPLIST_KEY_UISupportedInterfaceOrientations_iPad = "UIInterfaceOrientationPortrait UIInterfaceOrientationPortraitUpsideDown UIInterfaceOrientationLandscapeLeft UIInterfaceOrientationLandscapeRight";
				INFOPLIST_KEY_UISupportedInterfaceOrientations_iPhone = "UIInterfaceOrientationPortrait UIInterfaceOrientationLandscapeLeft UIInterfaceOrientationLandscapeRight";
				LD_RUNPATH_SEARCH_PATHS = (
					"$(inherited)",
					"@executable_path/Frameworks",
				);
				MARKETING_VERSION = 1.0;
				PRODUCT_BUNDLE_IDENTIFIER = "ru.hms-kkm.work-with-tableview";
				PRODUCT_NAME = "$(TARGET_NAME)";
				SWIFT_EMIT_LOC_STRINGS = YES;
				SWIFT_VERSION = 5.0;
				TARGETED_DEVICE_FAMILY = "1,2";
			};
			name = Release;
		};
/* End XCBuildConfiguration section */

/* Begin XCConfigurationList section */
		356678F128578DEB004B4E7C /* Build configuration list for PBXProject "work with tableview" */ = {
			isa = XCConfigurationList;
			buildConfigurations = (
				3566790828578DEF004B4E7C /* Debug */,
				3566790928578DEF004B4E7C /* Release */,
			);
			defaultConfigurationIsVisible = 0;
			defaultConfigurationName = Release;
		};
		3566790A28578DEF004B4E7C /* Build configuration list for PBXNativeTarget "work with tableview" */ = {
			isa = XCConfigurationList;
			buildConfigurations = (
				3566790B28578DEF004B4E7C /* Debug */,
				3566790C28578DEF004B4E7C /* Release */,
			);
			defaultConfigurationIsVisible = 0;
			defaultConfigurationName = Release;
		};
/* End XCConfigurationList section */
	};
	rootObject = 356678EE28578DEB004B4E7C /* Project object */;
}
